// !$*UTF8*$!
{
	archiveVersion = 1;
	classes = {
	};
	objectVersion = 46;
	objects = {

/* Begin PBXBuildFile section */
		B111E0AD1CA9716800DD3005 /* AppDelegate.swift in Sources */ = {isa = PBXBuildFile; fileRef = B111E0AC1CA9716800DD3005 /* AppDelegate.swift */; };
		B111E0AF1CA9716800DD3005 /* ViewController.swift in Sources */ = {isa = PBXBuildFile; fileRef = B111E0AE1CA9716800DD3005 /* ViewController.swift */; };
		B111E0B21CA9716800DD3005 /* Main.storyboard in Resources */ = {isa = PBXBuildFile; fileRef = B111E0B01CA9716800DD3005 /* Main.storyboard */; };
		B111E0B41CA9716800DD3005 /* Assets.xcassets in Resources */ = {isa = PBXBuildFile; fileRef = B111E0B31CA9716800DD3005 /* Assets.xcassets */; };
		B111E0B71CA9716800DD3005 /* LaunchScreen.storyboard in Resources */ = {isa = PBXBuildFile; fileRef = B111E0B51CA9716800DD3005 /* LaunchScreen.storyboard */; };
		B111E0C11CA9719600DD3005 /* SKBFLoginViewController.swift in Sources */ = {isa = PBXBuildFile; fileRef = B111E0BF1CA9719600DD3005 /* SKBFLoginViewController.swift */; };
		B1EE85D41CAA0E6400FE4CE9 /* img1.jpg in Resources */ = {isa = PBXBuildFile; fileRef = B1EE85CF1CAA0E6400FE4CE9 /* img1.jpg */; };
		B1EE85D51CAA0E6400FE4CE9 /* img2.jpg in Resources */ = {isa = PBXBuildFile; fileRef = B1EE85D01CAA0E6400FE4CE9 /* img2.jpg */; };
		B1EE85D61CAA0E6400FE4CE9 /* img3.jpg in Resources */ = {isa = PBXBuildFile; fileRef = B1EE85D11CAA0E6400FE4CE9 /* img3.jpg */; };
		B1EE85D71CAA0E6400FE4CE9 /* img4.jpg in Resources */ = {isa = PBXBuildFile; fileRef = B1EE85D21CAA0E6400FE4CE9 /* img4.jpg */; };
		B1EE85D81CAA0E6400FE4CE9 /* img5.jpg in Resources */ = {isa = PBXBuildFile; fileRef = B1EE85D31CAA0E6400FE4CE9 /* img5.jpg */; };
/* End PBXBuildFile section */

/* Begin PBXFileReference section */
		B111E0A91CA9716800DD3005 /* SKBFLoginViewContollerDemo.app */ = {isa = PBXFileReference; explicitFileType = wrapper.application; includeInIndex = 0; path = SKBFLoginViewContollerDemo.app; sourceTree = BUILT_PRODUCTS_DIR; };
		B111E0AC1CA9716800DD3005 /* AppDelegate.swift */ = {isa = PBXFileReference; lastKnownFileType = sourcecode.swift; path = AppDelegate.swift; sourceTree = "<group>"; };
		B111E0AE1CA9716800DD3005 /* ViewController.swift */ = {isa = PBXFileReference; lastKnownFileType = sourcecode.swift; path = ViewController.swift; sourceTree = "<group>"; };
		B111E0B11CA9716800DD3005 /* Base */ = {isa = PBXFileReference; lastKnownFileType = file.storyboard; name = Base; path = Base.lproj/Main.storyboard; sourceTree = "<group>"; };
		B111E0B31CA9716800DD3005 /* Assets.xcassets */ = {isa = PBXFileReference; lastKnownFileType = folder.assetcatalog; path = Assets.xcassets; sourceTree = "<group>"; };
		B111E0B61CA9716800DD3005 /* Base */ = {isa = PBXFileReference; lastKnownFileType = file.storyboard; name = Base; path = Base.lproj/LaunchScreen.storyboard; sourceTree = "<group>"; };
		B111E0B81CA9716800DD3005 /* Info.plist */ = {isa = PBXFileReference; lastKnownFileType = text.plist.xml; path = Info.plist; sourceTree = "<group>"; };
		B111E0BF1CA9719600DD3005 /* SKBFLoginViewController.swift */ = {isa = PBXFileReference; fileEncoding = 4; lastKnownFileType = sourcecode.swift; path = SKBFLoginViewController.swift; sourceTree = "<group>"; };
		B1EE85CF1CAA0E6400FE4CE9 /* img1.jpg */ = {isa = PBXFileReference; lastKnownFileType = image.jpeg; path = img1.jpg; sourceTree = "<group>"; };
		B1EE85D01CAA0E6400FE4CE9 /* img2.jpg */ = {isa = PBXFileReference; lastKnownFileType = image.jpeg; path = img2.jpg; sourceTree = "<group>"; };
		B1EE85D11CAA0E6400FE4CE9 /* img3.jpg */ = {isa = PBXFileReference; lastKnownFileType = image.jpeg; path = img3.jpg; sourceTree = "<group>"; };
		B1EE85D21CAA0E6400FE4CE9 /* img4.jpg */ = {isa = PBXFileReference; lastKnownFileType = image.jpeg; path = img4.jpg; sourceTree = "<group>"; };
		B1EE85D31CAA0E6400FE4CE9 /* img5.jpg */ = {isa = PBXFileReference; lastKnownFileType = image.jpeg; path = img5.jpg; sourceTree = "<group>"; };
/* End PBXFileReference section */

/* Begin PBXFrameworksBuildPhase section */
		B111E0A61CA9716800DD3005 /* Frameworks */ = {
			isa = PBXFrameworksBuildPhase;
			buildActionMask = 2147483647;
			files = (
			);
			runOnlyForDeploymentPostprocessing = 0;
		};
/* End PBXFrameworksBuildPhase section */

/* Begin PBXGroup section */
		B111E0A01CA9716800DD3005 = {
			isa = PBXGroup;
			children = (
				B111E0BE1CA9719600DD3005 /* Classes */,
				B111E0AB1CA9716800DD3005 /* SKBFLoginViewContollerDemo */,
				B111E0AA1CA9716800DD3005 /* Products */,
			);
			sourceTree = "<group>";
		};
		B111E0AA1CA9716800DD3005 /* Products */ = {
			isa = PBXGroup;
			children = (
				B111E0A91CA9716800DD3005 /* SKBFLoginViewContollerDemo.app */,
			);
			name = Products;
			sourceTree = "<group>";
		};
		B111E0AB1CA9716800DD3005 /* SKBFLoginViewContollerDemo */ = {
			isa = PBXGroup;
			children = (
				B111E0AC1CA9716800DD3005 /* AppDelegate.swift */,
				B111E0AE1CA9716800DD3005 /* ViewController.swift */,
				B111E0B01CA9716800DD3005 /* Main.storyboard */,
				B111E0B31CA9716800DD3005 /* Assets.xcassets */,
				B111E0B51CA9716800DD3005 /* LaunchScreen.storyboard */,
				B111E0B81CA9716800DD3005 /* Info.plist */,
			);
			path = SKBFLoginViewContollerDemo;
			sourceTree = "<group>";
		};
		B111E0BE1CA9719600DD3005 /* Classes */ = {
			isa = PBXGroup;
			children = (
				B1EE85CE1CAA0E6400FE4CE9 /* backgroundImages */,
				B111E0BF1CA9719600DD3005 /* SKBFLoginViewController.swift */,
			);
			path = Classes;
			sourceTree = "<group>";
		};
		B1EE85CE1CAA0E6400FE4CE9 /* backgroundImages */ = {
			isa = PBXGroup;
			children = (
				B1EE85CF1CAA0E6400FE4CE9 /* img1.jpg */,
				B1EE85D01CAA0E6400FE4CE9 /* img2.jpg */,
				B1EE85D11CAA0E6400FE4CE9 /* img3.jpg */,
				B1EE85D21CAA0E6400FE4CE9 /* img4.jpg */,
				B1EE85D31CAA0E6400FE4CE9 /* img5.jpg */,
			);
			path = backgroundImages;
			sourceTree = "<group>";
		};
/* End PBXGroup section */

/* Begin PBXNativeTarget section */
		B111E0A81CA9716800DD3005 /* SKBFLoginViewContollerDemo */ = {
			isa = PBXNativeTarget;
			buildConfigurationList = B111E0BB1CA9716800DD3005 /* Build configuration list for PBXNativeTarget "SKBFLoginViewContollerDemo" */;
			buildPhases = (
				B111E0A51CA9716800DD3005 /* Sources */,
				B111E0A61CA9716800DD3005 /* Frameworks */,
				B111E0A71CA9716800DD3005 /* Resources */,
			);
			buildRules = (
			);
			dependencies = (
			);
			name = SKBFLoginViewContollerDemo;
			productName = SKBFLoginViewContollerDemo;
			productReference = B111E0A91CA9716800DD3005 /* SKBFLoginViewContollerDemo.app */;
			productType = "com.apple.product-type.application";
		};
/* End PBXNativeTarget section */

/* Begin PBXProject section */
		B111E0A11CA9716800DD3005 /* Project object */ = {
			isa = PBXProject;
			attributes = {
				LastSwiftUpdateCheck = 0730;
				LastUpgradeCheck = 0730;
				ORGANIZATIONNAME = sunkai;
				TargetAttributes = {
					B111E0A81CA9716800DD3005 = {
						CreatedOnToolsVersion = 7.3;
					};
				};
			};
			buildConfigurationList = B111E0A41CA9716800DD3005 /* Build configuration list for PBXProject "SKBFLoginViewContollerDemo" */;
			compatibilityVersion = "Xcode 3.2";
			developmentRegion = English;
			hasScannedForEncodings = 0;
			knownRegions = (
				en,
				Base,
			);
			mainGroup = B111E0A01CA9716800DD3005;
			productRefGroup = B111E0AA1CA9716800DD3005 /* Products */;
			projectDirPath = "";
			projectRoot = "";
			targets = (
				B111E0A81CA9716800DD3005 /* SKBFLoginViewContollerDemo */,
			);
		};
/* End PBXProject section */

/* Begin PBXResourcesBuildPhase section */
		B111E0A71CA9716800DD3005 /* Resources */ = {
			isa = PBXResourcesBuildPhase;
			buildActionMask = 2147483647;
			files = (
				B1EE85D71CAA0E6400FE4CE9 /* img4.jpg in Resources */,
				B111E0B71CA9716800DD3005 /* LaunchScreen.storyboard in Resources */,
				B1EE85D61CAA0E6400FE4CE9 /* img3.jpg in Resources */,
				B111E0B41CA9716800DD3005 /* Assets.xcassets in Resources */,
				B1EE85D51CAA0E6400FE4CE9 /* img2.jpg in Resources */,
				B1EE85D81CAA0E6400FE4CE9 /* img5.jpg in Resources */,
				B111E0B21CA9716800DD3005 /* Main.storyboard in Resources */,
				B1EE85D41CAA0E6400FE4CE9 /* img1.jpg in Resources */,
			);
			runOnlyForDeploymentPostprocessing = 0;
		};
/* End PBXResourcesBuildPhase section */

/* Begin PBXSourcesBuildPhase section */
		B111E0A51CA9716800DD3005 /* Sources */ = {
			isa = PBXSourcesBuildPhase;
			buildActionMask = 2147483647;
			files = (
				B111E0C11CA9719600DD3005 /* SKBFLoginViewController.swift in Sources */,
				B111E0AF1CA9716800DD3005 /* ViewController.swift in Sources */,
				B111E0AD1CA9716800DD3005 /* AppDelegate.swift in Sources */,
			);
			runOnlyForDeploymentPostprocessing = 0;
		};
/* End PBXSourcesBuildPhase section */

/* Begin PBXVariantGroup section */
		B111E0B01CA9716800DD3005 /* Main.storyboard */ = {
			isa = PBXVariantGroup;
			children = (
				B111E0B11CA9716800DD3005 /* Base */,
			);
			name = Main.storyboard;
			sourceTree = "<group>";
		};
		B111E0B51CA9716800DD3005 /* LaunchScreen.storyboard */ = {
			isa = PBXVariantGroup;
			children = (
				B111E0B61CA9716800DD3005 /* Base */,
			);
			name = LaunchScreen.storyboard;
			sourceTree = "<group>";
		};
/* End PBXVariantGroup section */

/* Begin XCBuildConfiguration section */
		B111E0B91CA9716800DD3005 /* Debug */ = {
			isa = XCBuildConfiguration;
			buildSettings = {
				ALWAYS_SEARCH_USER_PATHS = NO;
				CLANG_ANALYZER_NONNULL = YES;
				CLANG_CXX_LANGUAGE_STANDARD = "gnu++0x";
				CLANG_CXX_LIBRARY = "libc++";
				CLANG_ENABLE_MODULES = YES;
				CLANG_ENABLE_OBJC_ARC = YES;
				CLANG_WARN_BOOL_CONVERSION = YES;
				CLANG_WARN_CONSTANT_CONVERSION = YES;
				CLANG_WARN_DIRECT_OBJC_ISA_USAGE = YES_ERROR;
				CLANG_WARN_EMPTY_BODY = YES;
				CLANG_WARN_ENUM_CONVERSION = YES;
				CLANG_WARN_INT_CONVERSION = YES;
				CLANG_WARN_OBJC_ROOT_CLASS = YES_ERROR;
				CLANG_WARN_UNREACHABLE_CODE = YES;
				CLANG_WARN__DUPLICATE_METHOD_MATCH = YES;
				"CODE_SIGN_IDENTITY[sdk=iphoneos*]" = "iPhone Developer";
				COPY_PHASE_STRIP = NO;
				DEBUG_INFORMATION_FORMAT = dwarf;
				ENABLE_STRICT_OBJC_MSGSEND = YES;
				ENABLE_TESTABILITY = YES;
				GCC_C_LANGUAGE_STANDARD = gnu99;
				GCC_DYNAMIC_NO_PIC = NO;
				GCC_NO_COMMON_BLOCKS = YES;
				GCC_OPTIMIZATION_LEVEL = 0;
				GCC_PREPROCESSOR_DEFINITIONS = (
					"DEBUG=1",
					"$(inherited)",
				);
				GCC_WARN_64_TO_32_BIT_CONVERSION = YES;
				GCC_WARN_ABOUT_RETURN_TYPE = YES_ERROR;
				GCC_WARN_UNDECLARED_SELECTOR = YES;
				GCC_WARN_UNINITIALIZED_AUTOS = YES_AGGRESSIVE;
				GCC_WARN_UNUSED_FUNCTION = YES;
				GCC_WARN_UNUSED_VARIABLE = YES;
				IPHONEOS_DEPLOYMENT_TARGET = 9.3;
				MTL_ENABLE_DEBUG_INFO = YES;
				ONLY_ACTIVE_ARCH = YES;
				SDKROOT = iphoneos;
				SWIFT_OPTIMIZATION_LEVEL = "-Onone";
			};
			name = Debug;
		};
		B111E0BA1CA9716800DD3005 /* Release */ = {
			isa = XCBuildConfiguration;
			buildSettings = {
				ALWAYS_SEARCH_USER_PATHS = NO;
				CLANG_ANALYZER_NONNULL = YES;
				CLANG_CXX_LANGUAGE_STANDARD = "gnu++0x";
				CLANG_CXX_LIBRARY = "libc++";
				CLANG_ENABLE_MODULES = YES;
				CLANG_ENABLE_OBJC_ARC = YES;
				CLANG_WARN_BOOL_CONVERSION = YES;
				CLANG_WARN_CONSTANT_CONVERSION = YES;
				CLANG_WARN_DIRECT_OBJC_ISA_USAGE = YES_ERROR;
				CLANG_WARN_EMPTY_BODY = YES;
				CLANG_WARN_ENUM_CONVERSION = YES;
				CLANG_WARN_INT_CONVERSION = YES;
				CLANG_WARN_OBJC_ROOT_CLASS = YES_ERROR;
				CLANG_WARN_UNREACHABLE_CODE = YES;
				CLANG_WARN__DUPLICATE_METHOD_MATCH = YES;
				"CODE_SIGN_IDENTITY[sdk=iphoneos*]" = "iPhone Developer";
				COPY_PHASE_STRIP = NO;
				DEBUG_INFORMATION_FORMAT = "dwarf-with-dsym";
				ENABLE_NS_ASSERTIONS = NO;
				ENABLE_STRICT_OBJC_MSGSEND = YES;
				GCC_C_LANGUAGE_STANDARD = gnu99;
				GCC_NO_COMMON_BLOCKS = YES;
				GCC_WARN_64_TO_32_BIT_CONVERSION = YES;
				GCC_WARN_ABOUT_RETURN_TYPE = YES_ERROR;
				GCC_WARN_UNDECLARED_SELECTOR = YES;
				GCC_WARN_UNINITIALIZED_AUTOS = YES_AGGRESSIVE;
				GCC_WARN_UNUSED_FUNCTION = YES;
				GCC_WARN_UNUSED_VARIABLE = YES;
				IPHONEOS_DEPLOYMENT_TARGET = 9.3;
				MTL_ENABLE_DEBUG_INFO = NO;
				SDKROOT = iphoneos;
				VALIDATE_PRODUCT = YES;
			};
			name = Release;
		};
		B111E0BC1CA9716800DD3005 /* Debug */ = {
			isa = XCBuildConfiguration;
			buildSettings = {
				ASSETCATALOG_COMPILER_APPICON_NAME = AppIcon;
				INFOPLIST_FILE = SKBFLoginViewContollerDemo/Info.plist;
				IPHONEOS_DEPLOYMENT_TARGET = 8.0;
				LD_RUNPATH_SEARCH_PATHS = "$(inherited) @executable_path/Frameworks";
				PRODUCT_BUNDLE_IDENTIFIER = "Kai-Sun.SKBFLoginViewContollerDemo";
				PRODUCT_NAME = "$(TARGET_NAME)";
			};
			name = Debug;
		};
		B111E0BD1CA9716800DD3005 /* Release */ = {
			isa = XCBuildConfiguration;
			buildSettings = {
				ASSETCATALOG_COMPILER_APPICON_NAME = AppIcon;
				INFOPLIST_FILE = SKBFLoginViewContollerDemo/Info.plist;
				IPHONEOS_DEPLOYMENT_TARGET = 8.0;
				LD_RUNPATH_SEARCH_PATHS = "$(inherited) @executable_path/Frameworks";
				PRODUCT_BUNDLE_IDENTIFIER = "Kai-Sun.SKBFLoginViewContollerDemo";
				PRODUCT_NAME = "$(TARGET_NAME)";
			};
			name = Release;
		};
/* End XCBuildConfiguration section */

/* Begin XCConfigurationList section */
		B111E0A41CA9716800DD3005 /* Build configuration list for PBXProject "SKBFLoginViewContollerDemo" */ = {
			isa = XCConfigurationList;
			buildConfigurations = (
				B111E0B91CA9716800DD3005 /* Debug */,
				B111E0BA1CA9716800DD3005 /* Release */,
			);
			defaultConfigurationIsVisible = 0;
			defaultConfigurationName = Release;
		};
		B111E0BB1CA9716800DD3005 /* Build configuration list for PBXNativeTarget "SKBFLoginViewContollerDemo" */ = {
			isa = XCConfigurationList;
			buildConfigurations = (
				B111E0BC1CA9716800DD3005 /* Debug */,
				B111E0BD1CA9716800DD3005 /* Release */,
			);
			defaultConfigurationIsVisible = 0;
			defaultConfigurationName = Release;
		};
/* End XCConfigurationList section */
	};
	rootObject = B111E0A11CA9716800DD3005 /* Project object */;
}
